
Microsoft Visual Studio Solution File, Format Version 12.00
# Visual Studio Version 17
VisualStudioVersion = 17.0.31710.8
MinimumVisualStudioVersion = 10.0.40219.1
Project("{9A19103F-16F7-4668-BE54-9A1E7A4F7556}") = "Calculator", "Calculator\Calculator.csproj", "{6C04AA6F-8E50-4AF0-9CC1-7B2F432501B9}"
EndProject
Project("{9A19103F-16F7-4668-BE54-9A1E7A4F7556}") = "Stopwatch", "Stopwatch\Stopwatch.csproj", "{C8EDB6D8-A0FA-438B-8C6E-64B227B53D14}"
EndProject
Project("{9A19103F-16F7-4668-BE54-9A1E7A4F7556}") = "TextEditor", "TextEditor\TextEditor.csproj", "{6FCC31A3-CB91-4952-A0BA-A384A65F7D69}"
EndProject
Project("{9A19103F-16F7-4668-BE54-9A1E7A4F7556}") = "HtmlEditor", "HtmlEditor\HtmlEditor.csproj", "{8F7A44BA-19CD-4FE7-ABE1-D2D77239A37D}"
EndProject
Project("{2150E333-8FDC-42A3-9474-1A3956D46DE8}") = "Solution Items", "Solution Items", "{EEF15E70-6E57-4199-9A58-C0D80E8E4B64}"
	ProjectSection(SolutionItems) = preProject
		.editorconfig = .editorconfig
	EndProjectSection
EndProject
Project("{FAE04EC0-301F-11D3-BF4B-00C04F79EFBC}") = "Dates", "Dates\Dates.csproj", "{E0BFAA81-D526-447E-86B5-7DDA7D61CDF8}"
EndProject
Global
	GlobalSection(SolutionConfigurationPlatforms) = preSolution
		Debug|Any CPU = Debug|Any CPU
		Release|Any CPU = Release|Any CPU
	EndGlobalSection
	GlobalSection(ProjectConfigurationPlatforms) = postSolution
		{6C04AA6F-8E50-4AF0-9CC1-7B2F432501B9}.Debug|Any CPU.ActiveCfg = Debug|Any CPU
		{6C04AA6F-8E50-4AF0-9CC1-7B2F432501B9}.Debug|Any CPU.Build.0 = Debug|Any CPU
		{6C04AA6F-8E50-4AF0-9CC1-7B2F432501B9}.Release|Any CPU.ActiveCfg = Release|Any CPU
		{6C04AA6F-8E50-4AF0-9CC1-7B2F432501B9}.Release|Any CPU.Build.0 = Release|Any CPU
		{C8EDB6D8-A0FA-438B-8C6E-64B227B53D14}.Debug|Any CPU.ActiveCfg = Debug|Any CPU
		{C8EDB6D8-A0FA-438B-8C6E-64B227B53D14}.Debug|Any CPU.Build.0 = Debug|Any CPU
		{C8EDB6D8-A0FA-438B-8C6E-64B227B53D14}.Release|Any CPU.ActiveCfg = Release|Any CPU
		{C8EDB6D8-A0FA-438B-8C6E-64B227B53D14}.Release|Any CPU.Build.0 = Release|Any CPU
		{6FCC31A3-CB91-4952-A0BA-A384A65F7D69}.Debug|Any CPU.ActiveCfg = Debug|Any CPU
		{6FCC31A3-CB91-4952-A0BA-A384A65F7D69}.Debug|Any CPU.Build.0 = Debug|Any CPU
		{6FCC31A3-CB91-4952-A0BA-A384A65F7D69}.Release|Any CPU.ActiveCfg = Release|Any CPU
		{6FCC31A3-CB91-4952-A0BA-A384A65F7D69}.Release|Any CPU.Build.0 = Release|Any CPU
		{8F7A44BA-19CD-4FE7-ABE1-D2D77239A37D}.Debug|Any CPU.ActiveCfg = Debug|Any CPU
		{8F7A44BA-19CD-4FE7-ABE1-D2D77239A37D}.Debug|Any CPU.Build.0 = Debug|Any CPU
		{8F7A44BA-19CD-4FE7-ABE1-D2D77239A37D}.Release|Any CPU.ActiveCfg = Release|Any CPU
		{8F7A44BA-19CD-4FE7-ABE1-D2D77239A37D}.Release|Any CPU.Build.0 = Release|Any CPU
		{E0BFAA81-D526-447E-86B5-7DDA7D61CDF8}.Debug|Any CPU.ActiveCfg = Debug|Any CPU
		{E0BFAA81-D526-447E-86B5-7DDA7D61CDF8}.Debug|Any CPU.Build.0 = Debug|Any CPU
		{E0BFAA81-D526-447E-86B5-7DDA7D61CDF8}.Release|Any CPU.ActiveCfg = Release|Any CPU
		{E0BFAA81-D526-447E-86B5-7DDA7D61CDF8}.Release|Any CPU.Build.0 = Release|Any CPU
	EndGlobalSection
	GlobalSection(SolutionProperties) = preSolution
		HideSolutionNode = FALSE
	EndGlobalSection
	GlobalSection(ExtensibilityGlobals) = postSolution
		SolutionGuid = {A105E895-E302-41F2-A67E-63AFF9592CAC}
	EndGlobalSection
EndGlobal
